
Microsoft Visual Studio Solution File, Format Version 12.00
# Visual Studio Version 17
VisualStudioVersion = 17.6.33723.286
MinimumVisualStudioVersion = 10.0.40219.1
Project("{FAE04EC0-301F-11D3-BF4B-00C04F79EFBC}") = "Text", "Text\Text.csproj", "{9A5E1EE1-720A-43BD-9B72-A06839F28B99}"
EndProject
Project("{FAE04EC0-301F-11D3-BF4B-00C04F79EFBC}") = "Text.Communication", "Text.Communication\Text.Communication.csproj", "{69CE3976-BC58-40CC-9084-B13B4B23C4F8}"
EndProject
Global
	GlobalSection(SolutionConfigurationPlatforms) = preSolution
		Debug|Any CPU = Debug|Any CPU
		Release|Any CPU = Release|Any CPU
	EndGlobalSection
	GlobalSection(ProjectConfigurationPlatforms) = postSolution
		{9A5E1EE1-720A-43BD-9B72-A06839F28B99}.Debug|Any CPU.ActiveCfg = Debug|Any CPU
		{9A5E1EE1-720A-43BD-9B72-A06839F28B99}.Debug|Any CPU.Build.0 = Debug|Any CPU
		{9A5E1EE1-720A-43BD-9B72-A06839F28B99}.Release|Any CPU.ActiveCfg = Release|Any CPU
		{9A5E1EE1-720A-43BD-9B72-A06839F28B99}.Release|Any CPU.Build.0 = Release|Any CPU
		{69CE3976-BC58-40CC-9084-B13B4B23C4F8}.Debug|Any CPU.ActiveCfg = Debug|Any CPU
		{69CE3976-BC58-40CC-9084-B13B4B23C4F8}.Debug|Any CPU.Build.0 = Debug|Any CPU
		{69CE3976-BC58-40CC-9084-B13B4B23C4F8}.Release|Any CPU.ActiveCfg = Release|Any CPU
		{69CE3976-BC58-40CC-9084-B13B4B23C4F8}.Release|Any CPU.Build.0 = Release|Any CPU
	EndGlobalSection
	GlobalSection(SolutionProperties) = preSolution
		HideSolutionNode = FALSE
	EndGlobalSection
	GlobalSection(ExtensibilityGlobals) = postSolution
		SolutionGuid = {C9F1240C-EA18-4CAB-B12C-8D6372921884}
	EndGlobalSection
EndGlobal
